
Microsoft Visual Studio Solution File, Format Version 12.00
# Visual Studio Version 17
VisualStudioVersion = 17.5.33530.505
MinimumVisualStudioVersion = 10.0.40219.1
Project("{FAE04EC0-301F-11D3-BF4B-00C04F79EFBC}") = "GlassStore", "GlassStore\GlassStore.csproj", "{4E3C4265-7C3F-4A50-BE6D-8E6D1C07087A}"
EndProject
Global
	GlobalSection(SolutionConfigurationPlatforms) = preSolution
		Debug|Any CPU = Debug|Any CPU
		Release|Any CPU = Release|Any CPU
	EndGlobalSection
	GlobalSection(ProjectConfigurationPlatforms) = postSolution
		{4E3C4265-7C3F-4A50-BE6D-8E6D1C07087A}.Debug|Any CPU.ActiveCfg = Debug|Any CPU
		{4E3C4265-7C3F-4A50-BE6D-8E6D1C07087A}.Debug|Any CPU.Build.0 = Debug|Any CPU
		{4E3C4265-7C3F-4A50-BE6D-8E6D1C07087A}.Release|Any CPU.ActiveCfg = Release|Any CPU
		{4E3C4265-7C3F-4A50-BE6D-8E6D1C07087A}.Release|Any CPU.Build.0 = Release|Any CPU
	EndGlobalSection
	GlobalSection(SolutionProperties) = preSolution
		HideSolutionNode = FALSE
	EndGlobalSection
	GlobalSection(ExtensibilityGlobals) = postSolution
		SolutionGuid = {A186D2EF-D6A9-4F09-A0EE-D1E905F3C429}
	EndGlobalSection
EndGlobal
